
Microsoft Visual Studio Solution File, Format Version 12.00
# Visual Studio 15
VisualStudioVersion = 15.0.27130.2036
MinimumVisualStudioVersion = 10.0.40219.1
Project("{FAE04EC0-301F-11D3-BF4B-00C04F79EFBC}") = "WindowsFormsApp1", "WindowsFormsApp1\WindowsFormsApp1.csproj", "{B5F2F8D3-6875-4B26-A7E5-9D616440A1D6}"
EndProject
Global
	GlobalSection(SolutionConfigurationPlatforms) = preSolution
		Debug|Any CPU = Debug|Any CPU
		Release|Any CPU = Release|Any CPU
	EndGlobalSection
	GlobalSection(ProjectConfigurationPlatforms) = postSolution
		{B5F2F8D3-6875-4B26-A7E5-9D616440A1D6}.Debug|Any CPU.ActiveCfg = Debug|Any CPU
		{B5F2F8D3-6875-4B26-A7E5-9D616440A1D6}.Debug|Any CPU.Build.0 = Debug|Any CPU
		{B5F2F8D3-6875-4B26-A7E5-9D616440A1D6}.Release|Any CPU.ActiveCfg = Release|Any CPU
		{B5F2F8D3-6875-4B26-A7E5-9D616440A1D6}.Release|Any CPU.Build.0 = Release|Any CPU
	EndGlobalSection
	GlobalSection(SolutionProperties) = preSolution
		HideSolutionNode = FALSE
	EndGlobalSection
	GlobalSection(ExtensibilityGlobals) = postSolution
		SolutionGuid = {C9A2EC94-041E-48D4-8C31-6B5E0118B39C}
	EndGlobalSection
EndGlobal
